github.com/zhangyiming748/replace v0.0.4 h1:MttKBU+2pFNofExc1oUY0vaEsRV0lGiAyPSdyIn7/Co=
github.com/zhangyiming748/replace v0.0.4/go.mod h1:R3otYn+0qxaHOVaz0LafMwoDjhTexJijrLgfcDyOYCQ=
github.com/zhangyiming748/video2h265mp4 v0.0.30 h1:8EE9gRXsAWrWO13QQtmZBeI39FLLY8FwlTXjMbnQD+I=
github.com/zhangyiming748/video2h265mp4 v0.0.30/go.mod h1:vUhkP8T+iLRrRXa18Bc/HpLJAKpEL1CTjP3904UJHgM=
github.com/zhangyiming748/voiceAlert v0.0.9 h1:4UxBuIVSl7Y/lZRHH0rlapMade7+bq7jtgg3iY1w9qo=
github.com/zhangyiming748/voiceAlert v0.0.9/go.mod h1:ReSkuJK/eAGpWs1k5MvAAe2WTKKQly6LzbOZ6FoHk6Y=
